{
  "name": "node_npm_moment",
  "version": "1.0.0",
  "lockfileVersion": 3,
  "requires": true,
  "packages": {
    "": {
      "name": "node_npm_moment",
      "version": "1.0.0",
      "license": "ISC",
      "dependencies": {
        "moment": "^2.29.4",
        "moment-timezone": "^0.5.39"
      }
    },
    "node_modules/moment": {
      "version": "2.29.4",
      "resolved": "https://registry.npmjs.org/moment/-/moment-2.29.4.tgz",
      "integrity": "sha512-5LC9SOxjSc2HF6vO2CyuTDNivEdoz2IvyJJGj6X8DJ0eFyfszE0QiEd+iXmBvUP3WHxSjFH/vIsA0EN00cgr8w==",
      "engines": {
        "node": "*"
      }
    },
    "node_modules/moment-timezone": {
      "version": "0.5.39",
      "resolved": "https://registry.npmjs.org/moment-timezone/-/moment-timezone-0.5.39.tgz",
      "integrity": "sha512-hoB6suq4ISDj7BDgctiOy6zljBsdYT0++0ZzZm9rtxIvJhIbQ3nmbgSWe7dNFGurl6/7b1OUkHlmN9JWgXVz7w==",
      "dependencies": {
        "moment": ">= 2.9.0"
      },
      "engines": {
        "node": "*"
      }
    }
  }
}
